
Microsoft Visual Studio Solution File, Format Version 12.00
# Visual Studio Version 16
VisualStudioVersion = 16.0.31911.196
MinimumVisualStudioVersion = 10.0.40219.1
Project("{FAE04EC0-301F-11D3-BF4B-00C04F79EFBC}") = "test", "test\test.csproj", "{595A6846-C152-4616-9816-0ABA0C236C25}"
EndProject
Global
	GlobalSection(SolutionConfigurationPlatforms) = preSolution
		Debug|Any CPU = Debug|Any CPU
		Release|Any CPU = Release|Any CPU
	EndGlobalSection
	GlobalSection(ProjectConfigurationPlatforms) = postSolution
		{595A6846-C152-4616-9816-0ABA0C236C25}.Debug|Any CPU.ActiveCfg = Debug|Any CPU
		{595A6846-C152-4616-9816-0ABA0C236C25}.Debug|Any CPU.Build.0 = Debug|Any CPU
		{595A6846-C152-4616-9816-0ABA0C236C25}.Release|Any CPU.ActiveCfg = Release|Any CPU
		{595A6846-C152-4616-9816-0ABA0C236C25}.Release|Any CPU.Build.0 = Release|Any CPU
	EndGlobalSection
	GlobalSection(SolutionProperties) = preSolution
		HideSolutionNode = FALSE
	EndGlobalSection
	GlobalSection(ExtensibilityGlobals) = postSolution
		SolutionGuid = {4B0570F3-7C09-43B3-99FA-4F8B5D47738F}
	EndGlobalSection
EndGlobal
